# THIS IS AN AUTOGENERATED FILE. DO NOT EDIT THIS FILE DIRECTLY.
# yarn lockfile v1


"@akiroz/size-chunker-stream@^0.0.1":
  "integrity" "sha512-iDfwBsg8gdmuVXg0k7tHSEurodRhiIKgkLmNDCM2Zx0y/Vm+iqzb4GzVThAptgyTFUlDdW2fv+kcXX6KgEiIAg=="
  "resolved" "https://registry.npmjs.org/@akiroz/size-chunker-stream/-/size-chunker-stream-0.0.1.tgz"
  "version" "0.0.1"

"@assemblyscript/loader@^0.10.1":
  "integrity" "sha512-H71nDOOL8Y7kWRLqf6Sums+01Q5msqBW2KhDUTemh1tvY04eSkSXrK0uj/4mmY0Xr16/3zyZmsrxN7CKuRbNRg=="
  "resolved" "https://registry.npmjs.org/@assemblyscript/loader/-/loader-0.10.1.tgz"
  "version" "0.10.1"

"@cspotcode/source-map-consumer@0.8.0":
  "integrity" "sha512-41qniHzTU8yAGbCp04ohlmSrZf8bkf/iJsl3V0dRGsQN/5GFfx+LbCSsCpp2gqrqjTVg/K6O8ycoV35JIwAzAg=="
  "resolved" "https://registry.npmjs.org/@cspotcode/source-map-consumer/-/source-map-consumer-0.8.0.tgz"
  "version" "0.8.0"

"@cspotcode/source-map-support@0.7.0":
  "integrity" "sha512-X4xqRHqN8ACt2aHVe51OxeA2HjbcL4MqFqXkrmQszJ1NOUuUu5u6Vqx/0lZSVNku7velL5FC/s5uEAj1lsBMhA=="
  "resolved" "https://registry.npmjs.org/@cspotcode/source-map-support/-/source-map-support-0.7.0.tgz"
  "version" "0.7.0"
  dependencies:
    "@cspotcode/source-map-consumer" "0.8.0"

"@fast-csv/format@4.3.5":
  "integrity" "sha512-8iRn6QF3I8Ak78lNAa+Gdl5MJJBM5vRHivFtMRUWINdevNo00K7OXxS2PshawLKTejVwieIlPmK5YlLu6w4u8A=="
  "resolved" "https://registry.npmjs.org/@fast-csv/format/-/format-4.3.5.tgz"
  "version" "4.3.5"
  dependencies:
    "@types/node" "^14.0.1"
    "lodash.escaperegexp" "^4.1.2"
    "lodash.isboolean" "^3.0.3"
    "lodash.isequal" "^4.5.0"
    "lodash.isfunction" "^3.0.9"
    "lodash.isnil" "^4.0.0"

"@fast-csv/parse@4.3.6":
  "integrity" "sha512-uRsLYksqpbDmWaSmzvJcuApSEe38+6NQZBUsuAyMZKqHxH0g1wcJgsKUvN3WC8tewaqFjBMMGrkHmC+T7k8LvA=="
  "resolved" "https://registry.npmjs.org/@fast-csv/parse/-/parse-4.3.6.tgz"
  "version" "4.3.6"
  dependencies:
    "@types/node" "^14.0.1"
    "lodash.escaperegexp" "^4.1.2"
    "lodash.groupby" "^4.6.0"
    "lodash.isfunction" "^3.0.9"
    "lodash.isnil" "^4.0.0"
    "lodash.isundefined" "^3.0.1"
    "lodash.uniq" "^4.5.0"

"@toruslabs/eccrypto@^1.1.7":
  "integrity" "sha512-zU4GnrH21yDY179fgp5Ovi4YjLdHy3WXM3QHCHAomYNxa03eAw2lxNR2bZ7kb698yk40s4WMrbnauukgabXH4Q=="
  "resolved" "https://registry.npmjs.org/@toruslabs/eccrypto/-/eccrypto-1.1.7.tgz"
  "version" "1.1.7"
  dependencies:
    "acorn" "^8.4.1"
    "elliptic" "^6.5.4"
    "es6-promise" "^4.2.8"
    "nan" "^2.14.2"
  optionalDependencies:
    "secp256k1" "^3.8.0"

"@tsconfig/node10@^1.0.7":
  "integrity" "sha512-6XFfSQmMgq0CFLY1MslA/CPUfhIL919M1rMsa5lP2P097N2Wd1sSX0tx1u4olM16fLNhtHZpRhedZJphNJqmZg=="
  "resolved" "https://registry.npmjs.org/@tsconfig/node10/-/node10-1.0.8.tgz"
  "version" "1.0.8"

"@tsconfig/node12@^1.0.7":
  "integrity" "sha512-/yBMcem+fbvhSREH+s14YJi18sp7J9jpuhYByADT2rypfajMZZN4WQ6zBGgBKp53NKmqI36wFYDb3yaMPurITw=="
  "resolved" "https://registry.npmjs.org/@tsconfig/node12/-/node12-1.0.9.tgz"
  "version" "1.0.9"

"@tsconfig/node14@^1.0.0":
  "integrity" "sha512-509r2+yARFfHHE7T6Puu2jjkoycftovhXRqW328PDXTVGKihlb1P8Z9mMZH04ebyajfRY7dedfGynlrFHJUQCg=="
  "resolved" "https://registry.npmjs.org/@tsconfig/node14/-/node14-1.0.1.tgz"
  "version" "1.0.1"

"@tsconfig/node16@^1.0.2":
  "integrity" "sha512-eZxlbI8GZscaGS7kkc/trHTT5xgrjH3/1n2JDwusC9iahPKWMRvRjJSAN5mCXviuTGQ/lHnhvv8Q1YTpnfz9gA=="
  "resolved" "https://registry.npmjs.org/@tsconfig/node16/-/node16-1.0.2.tgz"
  "version" "1.0.2"

"@types/axios@^0.14.0":
  "integrity" "sha1-7CMA++fX3d1+udOr+HmZlkyvzkY="
  "resolved" "https://registry.npmjs.org/@types/axios/-/axios-0.14.0.tgz"
  "version" "0.14.0"
  dependencies:
    "axios" "*"

"@types/browser-or-node@^1.3.0":
  "integrity" "sha512-MVetr65IR7RdJbUxVHsaPFaXAO8fi89zv1g8L/mHygh1Q7xnnK02XZLwfMh57FOpTO6gtnagoPMQ/UOFfctXRQ=="
  "resolved" "https://registry.npmjs.org/@types/browser-or-node/-/browser-or-node-1.3.0.tgz"
  "version" "1.3.0"

"@types/multistream@^2.1.1":
  "integrity" "sha512-PqavtNFnMyXRZS5vuW16wMOKeJUCD5PIGHdNBHzF5Urjncsij90hRQ82Wcy9+uSdnmrR2Gfao6xoJVq1wAWzbA=="
  "resolved" "https://registry.npmjs.org/@types/multistream/-/multistream-2.1.1.tgz"
  "version" "2.1.1"
  dependencies:
    "@types/node" "*"

"@types/node@*":
  "integrity" "sha512-QB5D2sqfSjCmTuWcBWyJ+/44bcjO7VbjSbOE0ucoVbAsSNQc4Lt6QkgkVXkTDwkL4z/beecZNDvVX15D4P8Jbw=="
  "resolved" "https://registry.npmjs.org/@types/node/-/node-16.11.7.tgz"
  "version" "16.11.7"

"@types/node@^14.0.1":
  "integrity" "sha512-noEeJ06zbn3lOh4gqe2v7NMGS33jrulfNqYFDjjEbhpDEHR5VTxgYNQSBqBlJIsBJW3uEYDgD6kvMnrrhGzq8g=="
  "resolved" "https://registry.npmjs.org/@types/node/-/node-14.17.33.tgz"
  "version" "14.17.33"

"@types/tmp@^0.2.1":
  "integrity" "sha512-MhSa0yylXtVMsyT8qFpHA1DLHj4DvQGH5ntxrhHSh8PxUVNi35Wk+P5hVgqbO2qZqOotqr9jaoPRL+iRjWYm/A=="
  "resolved" "https://registry.npmjs.org/@types/tmp/-/tmp-0.2.2.tgz"
  "version" "0.2.2"

"@types/yargs-parser@*":
  "integrity" "sha512-7tFImggNeNBVMsn0vLrpn1H1uPrUBdnARPTpZoitY37ZrdJREzf7I16tMrlK3hen349gr1NYh8CmZQa7CTG6Aw=="
  "resolved" "https://registry.npmjs.org/@types/yargs-parser/-/yargs-parser-20.2.1.tgz"
  "version" "20.2.1"

"@types/yargs@^17.0.5":
  "integrity" "sha512-4HNq144yhaVjJs+ON6A07NEoi9Hh0Rhl/jI9Nt/l/YRjt+T6St/QK3meFARWZ8IgkzoD1LC0PdTdJenlQQi2WQ=="
  "resolved" "https://registry.npmjs.org/@types/yargs/-/yargs-17.0.5.tgz"
  "version" "17.0.5"
  dependencies:
    "@types/yargs-parser" "*"

"acorn-walk@^8.1.1":
  "integrity" "sha512-k+iyHEuPgSw6SbuDpGQM+06HQUa04DZ3o+F6CSzXMvvI5KMvnaEqXe+YVe555R9nn6GPt404fos4wcgpw12SDA=="
  "resolved" "https://registry.npmjs.org/acorn-walk/-/acorn-walk-8.2.0.tgz"
  "version" "8.2.0"

"acorn@^8.4.1":
  "integrity" "sha512-yXbYeFy+jUuYd3/CDcg2NkIYE991XYX/bje7LmjJigUciaeO1JR4XxXgCIV1/Zc/dRuFEyw1L0pbA+qynJkW5Q=="
  "resolved" "https://registry.npmjs.org/acorn/-/acorn-8.5.0.tgz"
  "version" "8.5.0"

"ansi-regex@^5.0.1":
  "integrity" "sha512-quJQXlTSUGL2LH9SUXo8VwsY4soanhgo6LNSm84E1LBcE8s3O0wpdiRzyR9z/ZZJMlMWv37qOOb9pdJlMUEKFQ=="
  "resolved" "https://registry.npmjs.org/ansi-regex/-/ansi-regex-5.0.1.tgz"
  "version" "5.0.1"

"ansi-styles@^4.0.0":
  "integrity" "sha512-zbB9rCJAT1rbjiVDb2hqKFHNYLxgtk8NURxZ3IZwD3F6NtxbXZQCnnSi1Lkx+IDohdPlFp222wVALIheZJQSEg=="
  "resolved" "https://registry.npmjs.org/ansi-styles/-/ansi-styles-4.3.0.tgz"
  "version" "4.3.0"
  dependencies:
    "color-convert" "^2.0.1"

"arbundles@^0.2.10":
  "integrity" "sha512-ZSiBAbrfl7TKMhl+ok5iy4FaXD1OV8JSu8Fxr8FtwMLlUBpKS2VWslatsZsFZAiDWTakbNiqpM+3YfYR6JFeuw=="
  "resolved" "https://registry.npmjs.org/arbundles/-/arbundles-0.2.10.tgz"
  "version" "0.2.10"
  dependencies:
    "@akiroz/size-chunker-stream" "^0.0.1"
    "@toruslabs/eccrypto" "^1.1.7"
    "@types/axios" "^0.14.0"
    "@types/browser-or-node" "^1.3.0"
    "@types/multistream" "^2.1.1"
    "@types/tmp" "^0.2.1"
    "arweave" "^1.10.15"
    "arweave-stream-tx" "^1.0.2"
    "avsc" "^5.7.1"
    "axios" "^0.21.3"
    "base64url" "^3.0.1"
    "combined-stream2" "^1.1.2"
    "multistream" "^4.1.0"
    "starkbank-ecdsa" "^1.1.2"
    "stream-chunker" "^1.2.8"
    "tmp" "^0.2.1"
    "tmp-promise" "^3.0.2"
    "tslib" "^2.3.0"

"arconnect@^0.2.8":
  "integrity" "sha512-Us49eN/+8l6BrkAPdXnJVPwWlxxUPR7QaBjA0j3OBAcioIFRpwTdoPN9FxtwDGN91lgM6ebOudTXJToRiNizoA=="
  "resolved" "https://registry.npmjs.org/arconnect/-/arconnect-0.2.9.tgz"
  "version" "0.2.9"
  dependencies:
    "arweave" "^1.10.13"

"arg@^4.1.0":
  "integrity" "sha512-58S9QDqG0Xx27YwPSt9fJxivjYl432YCwfDMfZ+71RAqUrZef7LrKQZ3LHLOwCS4FLNBplP533Zx895SeOCHvA=="
  "resolved" "https://registry.npmjs.org/arg/-/arg-4.1.3.tgz"
  "version" "4.1.3"

"arweave-stream-tx@^1.0.2":
  "integrity" "sha512-tEMSkgFI+W6q3crWKbJwwfdt/cBwIL6FBp+R2Nt5+P/rDhDfc2Z8+eZ9wSOHEBGuIDwXpaij6jhlnp3Z+wdunw=="
  "resolved" "https://registry.npmjs.org/arweave-stream-tx/-/arweave-stream-tx-1.0.2.tgz"
  "version" "1.0.2"
  dependencies:
    "arweave" "^1.10.0"
    "exponential-backoff" "^3.1.0"
    "stream-chunker" "^1.2.8"

"arweave@^1.10.0", "arweave@^1.10.13", "arweave@^1.10.15", "arweave@^1.10.18":
  "integrity" "sha512-i3pKBkLtU1Jl9RtJ9A6zgz8QqF5FZy7YA+qGQ9i2Zug171p29FTDZhN+KlRcVBg8sEgd1DKyecCCYJZ3K6Jdfg=="
  "resolved" "https://registry.npmjs.org/arweave/-/arweave-1.10.18.tgz"
  "version" "1.10.18"
  dependencies:
    "arconnect" "^0.2.8"
    "asn1.js" "^5.4.1"
    "axios" "^0.22.0"
    "base64-js" "^1.3.1"
    "bignumber.js" "^9.0.1"

"asn1.js@^5.4.1":
  "integrity" "sha512-+I//4cYPccV8LdmBLiX8CYvf9Sp3vQsrqu2QNXRcrbiWvcx/UdlFiqUJJzxRQxgsZmvhXhn4cSKeSmoFjVdupA=="
  "resolved" "https://registry.npmjs.org/asn1.js/-/asn1.js-5.4.1.tgz"
  "version" "5.4.1"
  dependencies:
    "bn.js" "^4.0.0"
    "inherits" "^2.0.1"
    "minimalistic-assert" "^1.0.0"
    "safer-buffer" "^2.1.0"

"avsc@^5.7.1":
  "integrity" "sha512-uUbetCWczQHbsKyX1C99XpQHBM8SWfovvaZhPIj23/1uV7SQf0WeRZbiLpw0JZm+LHTChfNgrLfDJOVoU2kU+A=="
  "resolved" "https://registry.npmjs.org/avsc/-/avsc-5.7.3.tgz"
  "version" "5.7.3"

"axios@*", "axios@^0.22.0":
  "integrity" "sha512-Z0U3uhqQeg1oNcihswf4ZD57O3NrR1+ZXhxaROaWpDmsDTx7T2HNBV2ulBtie2hwJptu8UvgnJoK+BIqdzh/1w=="
  "resolved" "https://registry.npmjs.org/axios/-/axios-0.22.0.tgz"
  "version" "0.22.0"
  dependencies:
    "follow-redirects" "^1.14.4"

"axios@^0.21.3":
  "integrity" "sha512-ut5vewkiu8jjGBdqpM44XxjuCjq9LAKeHVmoVfHVzy8eHgxxq8SbAVQNovDA8mVi05kP0Ea/n/UzcSHcTJQfNg=="
  "resolved" "https://registry.npmjs.org/axios/-/axios-0.21.4.tgz"
  "version" "0.21.4"
  dependencies:
    "follow-redirects" "^1.14.0"

"balanced-match@^1.0.0":
  "integrity" "sha512-3oSeUO0TMV67hN1AmbXsK4yaqU7tjiHlbxRDZOpH0KW9+CeX4bRAaX0Anxt0tx2MrpRpWwQaPwIlISEJhYU5Pw=="
  "resolved" "https://registry.npmjs.org/balanced-match/-/balanced-match-1.0.2.tgz"
  "version" "1.0.2"

"base64-js@^1.2.0", "base64-js@^1.3.1":
  "integrity" "sha512-AKpaYlHn8t4SVbOHCy+b5+KKgvR4vrsD8vbvrbiQJps7fKDTkjkDry6ji0rUJjC0kzbNePLwzxq8iypo41qeWA=="
  "resolved" "https://registry.npmjs.org/base64-js/-/base64-js-1.5.1.tgz"
  "version" "1.5.1"

"base64url@^3.0.1":
  "integrity" "sha512-ir1UPr3dkwexU7FdV8qBBbNDRUhMmIekYMFZfi+C/sLNnRESKPl23nB9b2pltqfOQNnGzsDdId90AEtG5tCx4A=="
  "resolved" "https://registry.npmjs.org/base64url/-/base64url-3.0.1.tgz"
  "version" "3.0.1"

"big-integer@^1.6.48":
  "integrity" "sha512-GPEid2Y9QU1Exl1rpO9B2IPJGHPSupF5GnVIP0blYvNOMer2bTvSWs1jGOUg04hTmu67nmLsQ9TBo1puaotBHg=="
  "resolved" "https://registry.npmjs.org/big-integer/-/big-integer-1.6.51.tgz"
  "version" "1.6.51"

"bignumber.js@^9.0.1":
  "integrity" "sha512-IdZR9mh6ahOBv/hYGiXyVuyCetmGJhtYkqLBpTStdhEGjegpPlUawydyaF3pbIOFynJTpllEs+NP+CS9jKFLjA=="
  "resolved" "https://registry.npmjs.org/bignumber.js/-/bignumber.js-9.0.1.tgz"
  "version" "9.0.1"

"bindings@^1.5.0":
  "integrity" "sha512-p2q/t/mhvuOj/UeLlV6566GD/guowlr0hHxClI0W9m7MWYkL1F0hLo+0Aexs9HSPCtR1SXQ0TD3MMKrXZajbiQ=="
  "resolved" "https://registry.npmjs.org/bindings/-/bindings-1.5.0.tgz"
  "version" "1.5.0"
  dependencies:
    "file-uri-to-path" "1.0.0"

"bip66@^1.1.5":
  "integrity" "sha1-AfqHSHhcpwlV1QESF9GzE5lpyiI="
  "resolved" "https://registry.npmjs.org/bip66/-/bip66-1.1.5.tgz"
  "version" "1.1.5"
  dependencies:
    "safe-buffer" "^5.0.1"

"bluebird@^2.6.2", "bluebird@^2.8.1":
  "integrity" "sha1-U0uQM8AiyVecVro7Plpcqvu2UOE="
  "resolved" "https://registry.npmjs.org/bluebird/-/bluebird-2.11.0.tgz"
  "version" "2.11.0"

"bn.js@^4.0.0", "bn.js@^4.11.8", "bn.js@^4.11.9":
  "integrity" "sha512-c98Bf3tPniI+scsdk237ku1Dc3ujXQTSgyiPUDEOe7tRkhrqridvh8klBv0HCEso1OLOYcHuCv/cS6DNxKH+ZA=="
  "resolved" "https://registry.npmjs.org/bn.js/-/bn.js-4.12.0.tgz"
  "version" "4.12.0"

"brace-expansion@^1.1.7":
  "integrity" "sha512-iCuPHDFgrHX7H2vEI/5xpz07zSHB00TpugqhmYtVmMO6518mCuRMoOYFldEBl0g187ufozdaHgWKcYFb61qGiA=="
  "resolved" "https://registry.npmjs.org/brace-expansion/-/brace-expansion-1.1.11.tgz"
  "version" "1.1.11"
  dependencies:
    "balanced-match" "^1.0.0"
    "concat-map" "0.0.1"

"brorand@^1.1.0":
  "integrity" "sha1-EsJe/kCkXjwyPrhnWgoM5XsiNx8="
  "resolved" "https://registry.npmjs.org/brorand/-/brorand-1.1.0.tgz"
  "version" "1.1.0"

"browserify-aes@^1.0.6":
  "integrity" "sha512-+7CHXqGuspUn/Sl5aO7Ea0xWGAtETPXNSAjHo48JfLdPWcMng33Xe4znFvQweqc/uzk5zSOI3H52CYnjCfb5hA=="
  "resolved" "https://registry.npmjs.org/browserify-aes/-/browserify-aes-1.2.0.tgz"
  "version" "1.2.0"
  dependencies:
    "buffer-xor" "^1.0.3"
    "cipher-base" "^1.0.0"
    "create-hash" "^1.1.0"
    "evp_bytestokey" "^1.0.3"
    "inherits" "^2.0.1"
    "safe-buffer" "^5.0.1"

"buffer-xor@^1.0.3":
  "integrity" "sha1-JuYe0UIvtw3ULm42cp7VHYVf6Nk="
  "resolved" "https://registry.npmjs.org/buffer-xor/-/buffer-xor-1.0.3.tgz"
  "version" "1.0.3"

"cipher-base@^1.0.0", "cipher-base@^1.0.1", "cipher-base@^1.0.3":
  "integrity" "sha512-Kkht5ye6ZGmwv40uUDZztayT2ThLQGfnj/T71N/XzeZeo3nf8foyW7zGTsPYkEya3m5f3cAypH+qe7YOrM1U2Q=="
  "resolved" "https://registry.npmjs.org/cipher-base/-/cipher-base-1.0.4.tgz"
  "version" "1.0.4"
  dependencies:
    "inherits" "^2.0.1"
    "safe-buffer" "^5.0.1"

"cliui@^7.0.2":
  "integrity" "sha512-OcRE68cOsVMXp1Yvonl/fzkQOyjLSu/8bhPDfQt0e0/Eb283TKP20Fs2MqoPsr9SwA595rRCA+QMzYc9nBP+JQ=="
  "resolved" "https://registry.npmjs.org/cliui/-/cliui-7.0.4.tgz"
  "version" "7.0.4"
  dependencies:
    "string-width" "^4.2.0"
    "strip-ansi" "^6.0.0"
    "wrap-ansi" "^7.0.0"

"color-convert@^2.0.1":
  "integrity" "sha512-RRECPsj7iu/xb5oKYcsFHSppFNnsj/52OVTRKb4zP5onXwVF3zVmmToNcOfGC+CRDpfK/U584fMg38ZHCaElKQ=="
  "resolved" "https://registry.npmjs.org/color-convert/-/color-convert-2.0.1.tgz"
  "version" "2.0.1"
  dependencies:
    "color-name" "~1.1.4"

"color-name@~1.1.4":
  "integrity" "sha512-dOy+3AuW3a2wNbZHIuMZpTcgjGuLU/uBL/ubcZF9OXbDo8ff4O8yVp5Bf0efS8uEoYo5q4Fx7dY9OgQGXgAsQA=="
  "resolved" "https://registry.npmjs.org/color-name/-/color-name-1.1.4.tgz"
  "version" "1.1.4"

"combined-stream2@^1.1.2":
  "integrity" "sha1-9uFLegFWZvjHsKH6xQYkAWSsNXA="
  "resolved" "https://registry.npmjs.org/combined-stream2/-/combined-stream2-1.1.2.tgz"
  "version" "1.1.2"
  dependencies:
    "bluebird" "^2.8.1"
    "debug" "^2.1.1"
    "stream-length" "^1.0.1"

"concat-map@0.0.1":
  "integrity" "sha1-2Klr13/Wjfd5OnMDajug1UBdR3s="
  "resolved" "https://registry.npmjs.org/concat-map/-/concat-map-0.0.1.tgz"
  "version" "0.0.1"

"core-util-is@~1.0.0":
  "integrity" "sha512-ZQBvi1DcpJ4GDqanjucZ2Hj3wEO5pZDS89BWbkcrvdxksJorwUDDZamX9ldFkp9aw2lmBDLgkObEA4DWNJ9FYQ=="
  "resolved" "https://registry.npmjs.org/core-util-is/-/core-util-is-1.0.3.tgz"
  "version" "1.0.3"

"create-hash@^1.1.0", "create-hash@^1.1.2", "create-hash@^1.2.0":
  "integrity" "sha512-z00bCGNHDG8mHAkP7CtT1qVu+bFQUPjYq/4Iv3C3kWjTFV10zIjfSoeqXo9Asws8gwSHDGj/hl2u4OGIjapeCg=="
  "resolved" "https://registry.npmjs.org/create-hash/-/create-hash-1.2.0.tgz"
  "version" "1.2.0"
  dependencies:
    "cipher-base" "^1.0.1"
    "inherits" "^2.0.1"
    "md5.js" "^1.3.4"
    "ripemd160" "^2.0.1"
    "sha.js" "^2.4.0"

"create-hmac@^1.1.4":
  "integrity" "sha512-MJG9liiZ+ogc4TzUwuvbER1JRdgvUFSB5+VR/g5h82fGaIRWMWddtKBHi7/sVhfjQZ6SehlyhvQYrcYkaUIpLg=="
  "resolved" "https://registry.npmjs.org/create-hmac/-/create-hmac-1.1.7.tgz"
  "version" "1.1.7"
  dependencies:
    "cipher-base" "^1.0.3"
    "create-hash" "^1.1.0"
    "inherits" "^2.0.1"
    "ripemd160" "^2.0.0"
    "safe-buffer" "^5.0.1"
    "sha.js" "^2.4.8"

"create-require@^1.1.0":
  "integrity" "sha512-dcKFX3jn0MpIaXjisoRvexIJVEKzaq7z2rZKxf+MSr9TkdmHmsU4m2lcLojrj/FHl8mk5VxMmYA+ftRkP/3oKQ=="
  "resolved" "https://registry.npmjs.org/create-require/-/create-require-1.1.1.tgz"
  "version" "1.1.1"

"debug@^2.1.1":
  "integrity" "sha512-bC7ElrdJaJnPbAP+1EotYvqZsb3ecl5wi6Bfi6BJTUcNowp6cvspg0jXznRTKDjm/E7AdgFBVeAPVMNcKGsHMA=="
  "resolved" "https://registry.npmjs.org/debug/-/debug-2.6.9.tgz"
  "version" "2.6.9"
  dependencies:
    "ms" "2.0.0"

"diff@^4.0.1":
  "integrity" "sha512-58lmxKSA4BNyLz+HHMUzlOEpg09FV+ev6ZMe3vJihgdxzgcwZ8VoEEPmALCZG9LmqfVoNMMKpttIYTVG6uDY7A=="
  "resolved" "https://registry.npmjs.org/diff/-/diff-4.0.2.tgz"
  "version" "4.0.2"

"drbg.js@^1.0.1":
  "integrity" "sha1-Pja2xCs3BDgjzbwzLVjzHiRFSAs="
  "resolved" "https://registry.npmjs.org/drbg.js/-/drbg.js-1.0.1.tgz"
  "version" "1.0.1"
  dependencies:
    "browserify-aes" "^1.0.6"
    "create-hash" "^1.1.2"
    "create-hmac" "^1.1.4"

"elliptic@^6.5.2", "elliptic@^6.5.4":
  "integrity" "sha512-iLhC6ULemrljPZb+QutR5TQGB+pdW6KGD5RSegS+8sorOZT+rdQFbsQFJgvN3eRqNALqJer4oQ16YvJHlU8hzQ=="
  "resolved" "https://registry.npmjs.org/elliptic/-/elliptic-6.5.4.tgz"
  "version" "6.5.4"
  dependencies:
    "bn.js" "^4.11.9"
    "brorand" "^1.1.0"
    "hash.js" "^1.0.0"
    "hmac-drbg" "^1.0.1"
    "inherits" "^2.0.4"
    "minimalistic-assert" "^1.0.1"
    "minimalistic-crypto-utils" "^1.0.1"

"emoji-regex@^8.0.0":
  "integrity" "sha512-MSjYzcWNOA0ewAHpz0MxpYFvwg6yjy1NG3xteoqz644VCo/RPgnr1/GGt+ic3iJTzQ8Eu3TdM14SawnVUmGE6A=="
  "resolved" "https://registry.npmjs.org/emoji-regex/-/emoji-regex-8.0.0.tgz"
  "version" "8.0.0"

"es6-promise@^4.2.8":
  "integrity" "sha512-HJDGx5daxeIvxdBxvG2cb9g4tEvwIk3i8+nhX0yGrYmZUzbkdg8QbDevheDB8gd0//uPj4c1EQua8Q+MViT0/w=="
  "resolved" "https://registry.npmjs.org/es6-promise/-/es6-promise-4.2.8.tgz"
  "version" "4.2.8"

"escalade@^3.1.1":
  "integrity" "sha512-k0er2gUkLf8O0zKJiAhmkTnJlTvINGv7ygDNPbeIsX/TJjGJZHuh9B2UxbsaEkmlEo9MfhrSzmhIlhRlI2GXnw=="
  "resolved" "https://registry.npmjs.org/escalade/-/escalade-3.1.1.tgz"
  "version" "3.1.1"

"eventemitter-asyncresource@^1.0.0":
  "integrity" "sha512-39F7TBIV0G7gTelxwbEqnwhp90eqCPON1k0NwNfwhgKn4Co4ybUbj2pECcXT0B3ztRKZ7Pw1JujUUgmQJHcVAQ=="
  "resolved" "https://registry.npmjs.org/eventemitter-asyncresource/-/eventemitter-asyncresource-1.0.0.tgz"
  "version" "1.0.0"

"evp_bytestokey@^1.0.3":
  "integrity" "sha512-/f2Go4TognH/KvCISP7OUsHn85hT9nUkxxA9BEWxFn+Oj9o8ZNLm/40hdlgSLyuOimsrTKLUMEorQexp/aPQeA=="
  "resolved" "https://registry.npmjs.org/evp_bytestokey/-/evp_bytestokey-1.0.3.tgz"
  "version" "1.0.3"
  dependencies:
    "md5.js" "^1.3.4"
    "safe-buffer" "^5.1.1"

"exponential-backoff@^3.1.0":
  "integrity" "sha512-oBuz5SYz5zzyuHINoe9ooePwSu0xApKWgeNzok4hZ5YKXFh9zrQBEM15CXqoZkJJPuI2ArvqjPQd8UKJA753XA=="
  "resolved" "https://registry.npmjs.org/exponential-backoff/-/exponential-backoff-3.1.0.tgz"
  "version" "3.1.0"

"fast-csv@^4.3.6":
  "integrity" "sha512-2RNSpuwwsJGP0frGsOmTb9oUF+VkFSM4SyLTDgwf2ciHWTarN0lQTC+F2f/t5J9QjW+c65VFIAAu85GsvMIusw=="
  "resolved" "https://registry.npmjs.org/fast-csv/-/fast-csv-4.3.6.tgz"
  "version" "4.3.6"
  dependencies:
    "@fast-csv/format" "4.3.5"
    "@fast-csv/parse" "4.3.6"

"file-uri-to-path@1.0.0":
  "integrity" "sha512-0Zt+s3L7Vf1biwWZ29aARiVYLx7iMGnEUl9x33fbB/j3jR81u/O2LbqK+Bm1CDSNDKVtJ/YjwY7TUd5SkeLQLw=="
  "resolved" "https://registry.npmjs.org/file-uri-to-path/-/file-uri-to-path-1.0.0.tgz"
  "version" "1.0.0"

"follow-redirects@^1.14.0", "follow-redirects@^1.14.4":
  "integrity" "sha512-wtphSXy7d4/OR+MvIFbCVBDzZ5520qV8XfPklSN5QtxuMUJZ+b0Wnst1e1lCDocfzuCkHqj8k0FpZqO+UIaKNA=="
  "resolved" "https://registry.npmjs.org/follow-redirects/-/follow-redirects-1.14.5.tgz"
  "version" "1.14.5"

"fs.realpath@^1.0.0":
  "integrity" "sha1-FQStJSMVjKpA20onh8sBQRmU6k8="
  "resolved" "https://registry.npmjs.org/fs.realpath/-/fs.realpath-1.0.0.tgz"
  "version" "1.0.0"

"get-caller-file@^2.0.5":
  "integrity" "sha512-DyFP3BM/3YHTQOCUL/w0OZHR0lpKeGrxotcHWcqNEdnltqFwXVfhEBQ94eIo34AfQpo0rGki4cyIiftY06h2Fg=="
  "resolved" "https://registry.npmjs.org/get-caller-file/-/get-caller-file-2.0.5.tgz"
  "version" "2.0.5"

"glob@^7.1.3":
  "integrity" "sha512-lmLf6gtyrPq8tTjSmrO94wBeQbFR3HbLHbuyD69wuyQkImp2hWqMGB47OX65FBkPffO641IP9jWa1z4ivqG26Q=="
  "resolved" "https://registry.npmjs.org/glob/-/glob-7.2.0.tgz"
  "version" "7.2.0"
  dependencies:
    "fs.realpath" "^1.0.0"
    "inflight" "^1.0.4"
    "inherits" "2"
    "minimatch" "^3.0.4"
    "once" "^1.3.0"
    "path-is-absolute" "^1.0.0"

"hash-base@^3.0.0":
  "integrity" "sha512-1nmYp/rhMDiE7AYkDw+lLwlAzz0AntGIe51F3RfFfEqyQ3feY2eI/NcwC6umIQVOASPMsWJLJScWKSSvzL9IVA=="
  "resolved" "https://registry.npmjs.org/hash-base/-/hash-base-3.1.0.tgz"
  "version" "3.1.0"
  dependencies:
    "inherits" "^2.0.4"
    "readable-stream" "^3.6.0"
    "safe-buffer" "^5.2.0"

"hash.js@^1.0.0", "hash.js@^1.0.3":
  "integrity" "sha512-taOaskGt4z4SOANNseOviYDvjEJinIkRgmp7LbKP2YTTmVxWBl87s/uzK9r+44BclBSp2X7K1hqeNfz9JbBeXA=="
  "resolved" "https://registry.npmjs.org/hash.js/-/hash.js-1.1.7.tgz"
  "version" "1.1.7"
  dependencies:
    "inherits" "^2.0.3"
    "minimalistic-assert" "^1.0.1"

"hdr-histogram-js@^2.0.1":
  "integrity" "sha512-uPZxl1dAFnjUFHWLZmt93vUUvtHeaBay9nVNHu38SdOjMSF/4KqJUqa1Seuj08ptU1rEb6AHvB41X8n/zFZ74Q=="
  "resolved" "https://registry.npmjs.org/hdr-histogram-js/-/hdr-histogram-js-2.0.1.tgz"
  "version" "2.0.1"
  dependencies:
    "@assemblyscript/loader" "^0.10.1"
    "base64-js" "^1.2.0"
    "pako" "^1.0.3"

"hdr-histogram-percentiles-obj@^3.0.0":
  "integrity" "sha512-7kIufnBqdsBGcSZLPJwqHT3yhk1QTsSlFsVD3kx5ixH/AlgBs9yM1q6DPhXZ8f8gtdqgh7N7/5btRLpQsS2gHw=="
  "resolved" "https://registry.npmjs.org/hdr-histogram-percentiles-obj/-/hdr-histogram-percentiles-obj-3.0.0.tgz"
  "version" "3.0.0"

"hmac-drbg@^1.0.1":
  "integrity" "sha1-0nRXAQJabHdabFRXk+1QL8DGSaE="
  "resolved" "https://registry.npmjs.org/hmac-drbg/-/hmac-drbg-1.0.1.tgz"
  "version" "1.0.1"
  dependencies:
    "hash.js" "^1.0.3"
    "minimalistic-assert" "^1.0.0"
    "minimalistic-crypto-utils" "^1.0.1"

"http@^0.0.1-security":
  "integrity" "sha512-RnDvP10Ty9FxqOtPZuxtebw1j4L/WiqNMDtuc1YMH1XQm5TgDRaR1G9u8upL6KD1bXHSp9eSXo/ED+8Q7FAr+g=="
  "resolved" "https://registry.npmjs.org/http/-/http-0.0.1-security.tgz"
  "version" "0.0.1-security"

"inflight@^1.0.4":
  "integrity" "sha1-Sb1jMdfQLQwJvJEKEHW6gWW1bfk="
  "resolved" "https://registry.npmjs.org/inflight/-/inflight-1.0.6.tgz"
  "version" "1.0.6"
  dependencies:
    "once" "^1.3.0"
    "wrappy" "1"

"inherits@^2.0.1", "inherits@^2.0.3", "inherits@^2.0.4", "inherits@~2.0.3", "inherits@2":
  "integrity" "sha512-k/vGaX4/Yla3WzyMCvTQOXYeIHvqOKtnqBduzTHpzpQZzAskKMhZ2K+EnBiSM9zGSoIFeMpXKxa4dYeZIQqewQ=="
  "resolved" "https://registry.npmjs.org/inherits/-/inherits-2.0.4.tgz"
  "version" "2.0.4"

"is-fullwidth-code-point@^3.0.0":
  "integrity" "sha512-zymm5+u+sCsSWyD9qNaejV3DFvhCKclKdizYaJUuHA83RLjb7nSuGnddCHGv0hk+KY7BMAlsWeK4Ueg6EV6XQg=="
  "resolved" "https://registry.npmjs.org/is-fullwidth-code-point/-/is-fullwidth-code-point-3.0.0.tgz"
  "version" "3.0.0"

"isarray@~1.0.0":
  "integrity" "sha1-u5NdSFgsuhaMBoNJV6VKPgcSTxE="
  "resolved" "https://registry.npmjs.org/isarray/-/isarray-1.0.0.tgz"
  "version" "1.0.0"

"js-sha256@^0.9.0":
  "integrity" "sha512-sga3MHh9sgQN2+pJ9VYZ+1LPwXOxuBJBA5nrR5/ofPfuiJBE2hnjsaN8se8JznOmGLN2p49Pe5U/ttafcs/apA=="
  "resolved" "https://registry.npmjs.org/js-sha256/-/js-sha256-0.9.0.tgz"
  "version" "0.9.0"

"lodash.escaperegexp@^4.1.2":
  "integrity" "sha1-ZHYsSGGAglGKw99Mz11YhtriA0c="
  "resolved" "https://registry.npmjs.org/lodash.escaperegexp/-/lodash.escaperegexp-4.1.2.tgz"
  "version" "4.1.2"

"lodash.groupby@^4.6.0":
  "integrity" "sha1-Cwih3PaDl8OXhVwyOXg4Mt90A9E="
  "resolved" "https://registry.npmjs.org/lodash.groupby/-/lodash.groupby-4.6.0.tgz"
  "version" "4.6.0"

"lodash.isboolean@^3.0.3":
  "integrity" "sha1-bC4XHbKiV82WgC/UOwGyDV9YcPY="
  "resolved" "https://registry.npmjs.org/lodash.isboolean/-/lodash.isboolean-3.0.3.tgz"
  "version" "3.0.3"

"lodash.isequal@^4.5.0":
  "integrity" "sha1-QVxEePK8wwEgwizhDtMib30+GOA="
  "resolved" "https://registry.npmjs.org/lodash.isequal/-/lodash.isequal-4.5.0.tgz"
  "version" "4.5.0"

"lodash.isfunction@^3.0.9":
  "integrity" "sha512-AirXNj15uRIMMPihnkInB4i3NHeb4iBtNg9WRWuK2o31S+ePwwNmDPaTL3o7dTJ+VXNZim7rFs4rxN4YU1oUJw=="
  "resolved" "https://registry.npmjs.org/lodash.isfunction/-/lodash.isfunction-3.0.9.tgz"
  "version" "3.0.9"

"lodash.isnil@^4.0.0":
  "integrity" "sha1-SeKM1VkBNFjIFMVHnTxmOiG/qmw="
  "resolved" "https://registry.npmjs.org/lodash.isnil/-/lodash.isnil-4.0.0.tgz"
  "version" "4.0.0"

"lodash.isundefined@^3.0.1":
  "integrity" "sha1-I+89lTVWUgOmbO/VuDD4SJEa+0g="
  "resolved" "https://registry.npmjs.org/lodash.isundefined/-/lodash.isundefined-3.0.1.tgz"
  "version" "3.0.1"

"lodash.uniq@^4.5.0":
  "integrity" "sha1-0CJTc662Uq3BvILklFM5qEJ1R3M="
  "resolved" "https://registry.npmjs.org/lodash.uniq/-/lodash.uniq-4.5.0.tgz"
  "version" "4.5.0"

"make-error@^1.1.1":
  "integrity" "sha512-s8UhlNe7vPKomQhC1qFelMokr/Sc3AgNbso3n74mVPA5LTZwkB9NlXf4XPamLxJE8h0gh73rM94xvwRT2CVInw=="
  "resolved" "https://registry.npmjs.org/make-error/-/make-error-1.3.6.tgz"
  "version" "1.3.6"

"md5.js@^1.3.4":
  "integrity" "sha512-xitP+WxNPcTTOgnTJcrhM0xvdPepipPSf3I8EIpGKeFLjt3PlJLIDG3u8EX53ZIubkb+5U2+3rELYpEhHhzdkg=="
  "resolved" "https://registry.npmjs.org/md5.js/-/md5.js-1.3.5.tgz"
  "version" "1.3.5"
  dependencies:
    "hash-base" "^3.0.0"
    "inherits" "^2.0.1"
    "safe-buffer" "^5.1.2"

"minimalistic-assert@^1.0.0", "minimalistic-assert@^1.0.1":
  "integrity" "sha512-UtJcAD4yEaGtjPezWuO9wC4nwUnVH/8/Im3yEHQP4b67cXlD/Qr9hdITCU1xDbSEXg2XKNaP8jsReV7vQd00/A=="
  "resolved" "https://registry.npmjs.org/minimalistic-assert/-/minimalistic-assert-1.0.1.tgz"
  "version" "1.0.1"

"minimalistic-crypto-utils@^1.0.1":
  "integrity" "sha1-9sAMHAsIIkblxNmd+4x8CDsrWCo="
  "resolved" "https://registry.npmjs.org/minimalistic-crypto-utils/-/minimalistic-crypto-utils-1.0.1.tgz"
  "version" "1.0.1"

"minimatch@^3.0.4":
  "integrity" "sha512-yJHVQEhyqPLUTgt9B83PXu6W3rx4MvvHvSUvToogpwoGDOUQ+yDrR0HRot+yOCdCO7u4hX3pWft6kWBBcqh0UA=="
  "resolved" "https://registry.npmjs.org/minimatch/-/minimatch-3.0.4.tgz"
  "version" "3.0.4"
  dependencies:
    "brace-expansion" "^1.1.7"

"ms@2.0.0":
  "integrity" "sha1-VgiurfwAvmwpAd9fmGF4jeDVl8g="
  "resolved" "https://registry.npmjs.org/ms/-/ms-2.0.0.tgz"
  "version" "2.0.0"

"multistream@^4.1.0":
  "integrity" "sha512-J1XDiAmmNpRCBfIWJv+n0ymC4ABcf/Pl+5YvC5B/D2f/2+8PtHvCNxMPKiQcZyi922Hq69J2YOpb1pTywfifyw=="
  "resolved" "https://registry.npmjs.org/multistream/-/multistream-4.1.0.tgz"
  "version" "4.1.0"
  dependencies:
    "once" "^1.4.0"
    "readable-stream" "^3.6.0"

"nan@^2.14.0", "nan@^2.14.2":
  "integrity" "sha512-8ZtvEnA2c5aYCZYd1cvgdnU6cqwixRoYg70xPLWUws5ORTa/lnw+u4amixRS/Ac5U5mQVgp9pnlSUnbNWFaWZQ=="
  "resolved" "https://registry.npmjs.org/nan/-/nan-2.15.0.tgz"
  "version" "2.15.0"

"nice-napi@^1.0.2":
  "integrity" "sha512-px/KnJAJZf5RuBGcfD+Sp2pAKq0ytz8j+1NehvgIGFkvtvFrDM3T8E4x/JJODXK9WZow8RRGrbA9QQ3hs+pDhA=="
  "resolved" "https://registry.npmjs.org/nice-napi/-/nice-napi-1.0.2.tgz"
  "version" "1.0.2"
  dependencies:
    "node-addon-api" "^3.0.0"
    "node-gyp-build" "^4.2.2"

"node-addon-api@^3.0.0":
  "integrity" "sha512-mmcei9JghVNDYydghQmeDX8KoAm0FAiYyIcUt/N4nhyAipB17pllZQDOJD2fotxABnt4Mdz+dKTO7eftLg4d0A=="
  "resolved" "https://registry.npmjs.org/node-addon-api/-/node-addon-api-3.2.1.tgz"
  "version" "3.2.1"

"node-gyp-build@^4.2.2":
  "integrity" "sha512-iWjXZvmboq0ja1pUGULQBexmxq8CV4xBhX7VDOTbL7ZR4FOowwY/VOtRxBN/yKxmdGoIp4j5ysNT4u3S2pDQ3Q=="
  "resolved" "https://registry.npmjs.org/node-gyp-build/-/node-gyp-build-4.3.0.tgz"
  "version" "4.3.0"

"once@^1.3.0", "once@^1.4.0":
  "integrity" "sha1-WDsap3WWHUsROsF9nFC6753Xa9E="
  "resolved" "https://registry.npmjs.org/once/-/once-1.4.0.tgz"
  "version" "1.4.0"
  dependencies:
    "wrappy" "1"

"p-limit@^3.1.0":
  "integrity" "sha512-TYOanM3wGwNGsZN2cVTYPArw454xnXj5qmWF1bEoAc4+cU/ol7GVh7odevjp1FNHduHc3KZMcFduxU5Xc6uJRQ=="
  "resolved" "https://registry.npmjs.org/p-limit/-/p-limit-3.1.0.tgz"
  "version" "3.1.0"
  dependencies:
    "yocto-queue" "^0.1.0"

"pako@^1.0.3":
  "integrity" "sha512-4hLB8Py4zZce5s4yd9XzopqwVv/yGNhV1Bl8NTmCq1763HeK2+EwVTv+leGeL13Dnh2wfbqowVPXCIO0z4taYw=="
  "resolved" "https://registry.npmjs.org/pako/-/pako-1.0.11.tgz"
  "version" "1.0.11"

"path-is-absolute@^1.0.0":
  "integrity" "sha1-F0uSaHNVNP+8es5r9TpanhtcX18="
  "resolved" "https://registry.npmjs.org/path-is-absolute/-/path-is-absolute-1.0.1.tgz"
  "version" "1.0.1"

"piscina@^3.1.0":
  "integrity" "sha512-KTW4sjsCD34MHrUbx9eAAbuUSpVj407hQSgk/6Epkg0pbRBmv4a3UX7Sr8wxm9xYqQLnsN4mFOjqGDzHAdgKQg=="
  "resolved" "https://registry.npmjs.org/piscina/-/piscina-3.1.0.tgz"
  "version" "3.1.0"
  dependencies:
    "eventemitter-asyncresource" "^1.0.0"
    "hdr-histogram-js" "^2.0.1"
    "hdr-histogram-percentiles-obj" "^3.0.0"
  optionalDependencies:
    "nice-napi" "^1.0.2"

"process-nextick-args@~2.0.0":
  "integrity" "sha512-3ouUOpQhtgrbOa17J7+uxOTpITYWaGP7/AhoR3+A+/1e9skrzelGi/dXzEYyvbxubEF6Wn2ypscTKiKJFFn1ag=="
  "resolved" "https://registry.npmjs.org/process-nextick-args/-/process-nextick-args-2.0.1.tgz"
  "version" "2.0.1"

"readable-stream@^3.6.0":
  "integrity" "sha512-BViHy7LKeTz4oNnkcLJ+lVSL6vpiFeX6/d3oSH8zCW7UxP2onchk+vTGB143xuFjHS3deTgkKoXXymXqymiIdA=="
  "resolved" "https://registry.npmjs.org/readable-stream/-/readable-stream-3.6.0.tgz"
  "version" "3.6.0"
  dependencies:
    "inherits" "^2.0.3"
    "string_decoder" "^1.1.1"
    "util-deprecate" "^1.0.1"

"readable-stream@~2.3.6":
  "integrity" "sha512-Ebho8K4jIbHAxnuxi7o42OrZgF/ZTNcsZj6nRKyUmkhLFq8CHItp/fy6hQZuZmP/n3yZ9VBUbp4zz/mX8hmYPw=="
  "resolved" "https://registry.npmjs.org/readable-stream/-/readable-stream-2.3.7.tgz"
  "version" "2.3.7"
  dependencies:
    "core-util-is" "~1.0.0"
    "inherits" "~2.0.3"
    "isarray" "~1.0.0"
    "process-nextick-args" "~2.0.0"
    "safe-buffer" "~5.1.1"
    "string_decoder" "~1.1.1"
    "util-deprecate" "~1.0.1"

"require-directory@^2.1.1":
  "integrity" "sha1-jGStX9MNqxyXbiNE/+f3kqam30I="
  "resolved" "https://registry.npmjs.org/require-directory/-/require-directory-2.1.1.tgz"
  "version" "2.1.1"

"rimraf@^3.0.0":
  "integrity" "sha512-JZkJMZkAGFFPP2YqXZXPbMlMBgsxzE8ILs4lMIX/2o0L9UBw9O/Y3o6wFw/i9YLapcUJWwqbi3kdxIPdC62TIA=="
  "resolved" "https://registry.npmjs.org/rimraf/-/rimraf-3.0.2.tgz"
  "version" "3.0.2"
  dependencies:
    "glob" "^7.1.3"

"ripemd160@^2.0.0", "ripemd160@^2.0.1":
  "integrity" "sha512-ii4iagi25WusVoiC4B4lq7pbXfAp3D9v5CwfkY33vffw2+pkDjY1D8GaN7spsxvCSx8dkPqOZCEZyfxcmJG2IA=="
  "resolved" "https://registry.npmjs.org/ripemd160/-/ripemd160-2.0.2.tgz"
  "version" "2.0.2"
  dependencies:
    "hash-base" "^3.0.0"
    "inherits" "^2.0.1"

"safe-buffer@^5.0.1", "safe-buffer@^5.1.1", "safe-buffer@^5.1.2", "safe-buffer@^5.2.0", "safe-buffer@~5.2.0":
  "integrity" "sha512-rp3So07KcdmmKbGvgaNxQSJr7bGVSVk5S9Eq1F+ppbRo70+YeaDxkw5Dd8NPN+GD6bjnYm2VuPuCXmpuYvmCXQ=="
  "resolved" "https://registry.npmjs.org/safe-buffer/-/safe-buffer-5.2.1.tgz"
  "version" "5.2.1"

"safe-buffer@~5.1.0", "safe-buffer@~5.1.1":
  "integrity" "sha512-Gd2UZBJDkXlY7GbJxfsE8/nvKkUEU1G38c1siN6QP6a9PT9MmHB8GnpscSmMJSoF8LOIrt8ud/wPtojys4G6+g=="
  "resolved" "https://registry.npmjs.org/safe-buffer/-/safe-buffer-5.1.2.tgz"
  "version" "5.1.2"

"safer-buffer@^2.1.0":
  "integrity" "sha512-YZo3K82SD7Riyi0E1EQPojLz7kpepnSQI9IyPbHHg1XXXevb5dJI7tpyN2ADxGcQbHG7vcyRHk0cbwqcQriUtg=="
  "resolved" "https://registry.npmjs.org/safer-buffer/-/safer-buffer-2.1.2.tgz"
  "version" "2.1.2"

"secp256k1@^3.8.0":
  "integrity" "sha512-k5ke5avRZbtl9Tqx/SA7CbY3NF6Ro+Sj9cZxezFzuBlLDmyqPiL8hJJ+EmzD8Ig4LUDByHJ3/iPOVoRixs/hmw=="
  "resolved" "https://registry.npmjs.org/secp256k1/-/secp256k1-3.8.0.tgz"
  "version" "3.8.0"
  dependencies:
    "bindings" "^1.5.0"
    "bip66" "^1.1.5"
    "bn.js" "^4.11.8"
    "create-hash" "^1.2.0"
    "drbg.js" "^1.0.1"
    "elliptic" "^6.5.2"
    "nan" "^2.14.0"
    "safe-buffer" "^5.1.2"

"sha.js@^2.4.0", "sha.js@^2.4.8":
  "integrity" "sha512-QMEp5B7cftE7APOjk5Y6xgrbWu+WkLVQwk8JNjZ8nKRciZaByEW6MubieAiToS7+dwvrjGhH8jRXz3MVd0AYqQ=="
  "resolved" "https://registry.npmjs.org/sha.js/-/sha.js-2.4.11.tgz"
  "version" "2.4.11"
  dependencies:
    "inherits" "^2.0.1"
    "safe-buffer" "^5.0.1"

"starkbank-ecdsa@^1.1.2":
  "integrity" "sha512-0qmTALYdUMS34tuGqZEKFRY3psx4mh0g8AjevytRQFuZp64V2PYG3ncc0y2mxoISSW7qvtztsa1rgRLszrRGkw=="
  "resolved" "https://registry.npmjs.org/starkbank-ecdsa/-/starkbank-ecdsa-1.1.4.tgz"
  "version" "1.1.4"
  dependencies:
    "big-integer" "^1.6.48"
    "js-sha256" "^0.9.0"

"stream-chunker@^1.2.8":
  "integrity" "sha1-6zryyK7lJWzedvCh/qhjSDNtBPc="
  "resolved" "https://registry.npmjs.org/stream-chunker/-/stream-chunker-1.2.8.tgz"
  "version" "1.2.8"
  dependencies:
    "through2" "~2.0.0"

"stream-length@^1.0.1":
  "integrity" "sha1-gnfzy+5JpNqrz9tOL0qbXp8snwA="
  "resolved" "https://registry.npmjs.org/stream-length/-/stream-length-1.0.2.tgz"
  "version" "1.0.2"
  dependencies:
    "bluebird" "^2.6.2"

"string_decoder@^1.1.1":
  "integrity" "sha512-hkRX8U1WjJFd8LsDJ2yQ/wWWxaopEsABU1XfkM8A+j0+85JAGppt16cr1Whg6KIbb4okU6Mql6BOj+uup/wKeA=="
  "resolved" "https://registry.npmjs.org/string_decoder/-/string_decoder-1.3.0.tgz"
  "version" "1.3.0"
  dependencies:
    "safe-buffer" "~5.2.0"

"string_decoder@~1.1.1":
  "integrity" "sha512-n/ShnvDi6FHbbVfviro+WojiFzv+s8MPMHBczVePfUpDJLwoLT0ht1l4YwBCbi8pJAveEEdnkHyPyTP/mzRfwg=="
  "resolved" "https://registry.npmjs.org/string_decoder/-/string_decoder-1.1.1.tgz"
  "version" "1.1.1"
  dependencies:
    "safe-buffer" "~5.1.0"

"string-width@^4.1.0", "string-width@^4.2.0":
  "integrity" "sha512-wKyQRQpjJ0sIp62ErSZdGsjMJWsap5oRNihHhu6G7JVO/9jIB6UyevL+tXuOqrng8j/cxKTWyWUwvSTriiZz/g=="
  "resolved" "https://registry.npmjs.org/string-width/-/string-width-4.2.3.tgz"
  "version" "4.2.3"
  dependencies:
    "emoji-regex" "^8.0.0"
    "is-fullwidth-code-point" "^3.0.0"
    "strip-ansi" "^6.0.1"

"strip-ansi@^6.0.0", "strip-ansi@^6.0.1":
  "integrity" "sha512-Y38VPSHcqkFrCpFnQ9vuSXmquuv5oXOKpGeT6aGrr3o3Gc9AlVa6JBfUSOCnbxGGZF+/0ooI7KrPuUSztUdU5A=="
  "resolved" "https://registry.npmjs.org/strip-ansi/-/strip-ansi-6.0.1.tgz"
  "version" "6.0.1"
  dependencies:
    "ansi-regex" "^5.0.1"

"through2@~2.0.0":
  "integrity" "sha512-/mrRod8xqpA+IHSLyGCQ2s8SPHiCDEeQJSep1jqLYeEUClOFG2Qsh+4FU6G9VeqpZnGW/Su8LQGc4YKni5rYSQ=="
  "resolved" "https://registry.npmjs.org/through2/-/through2-2.0.5.tgz"
  "version" "2.0.5"
  dependencies:
    "readable-stream" "~2.3.6"
    "xtend" "~4.0.1"

"tmp-promise@^3.0.2":
  "integrity" "sha512-RwM7MoPojPxsOBYnyd2hy0bxtIlVrihNs9pj5SUvY8Zz1sQcQG2tG1hSr8PDxfgEB8RNKDhqbIlroIarSNDNsQ=="
  "resolved" "https://registry.npmjs.org/tmp-promise/-/tmp-promise-3.0.3.tgz"
  "version" "3.0.3"
  dependencies:
    "tmp" "^0.2.0"

"tmp@^0.2.0", "tmp@^0.2.1":
  "integrity" "sha512-76SUhtfqR2Ijn+xllcI5P1oyannHNHByD80W1q447gU3mp9G9PSpGdWmjUOHRDPiHYacIk66W7ubDTuPF3BEtQ=="
  "resolved" "https://registry.npmjs.org/tmp/-/tmp-0.2.1.tgz"
  "version" "0.2.1"
  dependencies:
    "rimraf" "^3.0.0"

"ts-node@^10.4.0":
  "integrity" "sha512-g0FlPvvCXSIO1JDF6S232P5jPYqBkRL9qly81ZgAOSU7rwI0stphCgd2kLiCrU9DjQCrJMWEqcNSjQL02s6d8A=="
  "resolved" "https://registry.npmjs.org/ts-node/-/ts-node-10.4.0.tgz"
  "version" "10.4.0"
  dependencies:
    "@cspotcode/source-map-support" "0.7.0"
    "@tsconfig/node10" "^1.0.7"
    "@tsconfig/node12" "^1.0.7"
    "@tsconfig/node14" "^1.0.0"
    "@tsconfig/node16" "^1.0.2"
    "acorn" "^8.4.1"
    "acorn-walk" "^8.1.1"
    "arg" "^4.1.0"
    "create-require" "^1.1.0"
    "diff" "^4.0.1"
    "make-error" "^1.1.1"
    "yn" "3.1.1"

"tslib@^2.3.0":
  "integrity" "sha512-77EbyPPpMz+FRFRuAFlWMtmgUWGe9UOG2Z25NqCwiIjRhOf5iKGuzSe5P2w1laq+FkRy4p+PCuVkJSGkzTEKVw=="
  "resolved" "https://registry.npmjs.org/tslib/-/tslib-2.3.1.tgz"
  "version" "2.3.1"

"typescript@>=2.7":
  "integrity" "sha512-DqGhF5IKoBl8WNf8C1gu8q0xZSInh9j1kJJMqT3a94w1JzVaBU4EXOSMrz9yDqMT0xt3selp83fuFMQ0uzv6qA=="
  "resolved" "https://registry.npmjs.org/typescript/-/typescript-4.4.4.tgz"
  "version" "4.4.4"

"util-deprecate@^1.0.1", "util-deprecate@~1.0.1":
  "integrity" "sha1-RQ1Nyfpw3nMnYvvS1KKJgUGaDM8="
  "resolved" "https://registry.npmjs.org/util-deprecate/-/util-deprecate-1.0.2.tgz"
  "version" "1.0.2"

"wrap-ansi@^7.0.0":
  "integrity" "sha512-YVGIj2kamLSTxw6NsZjoBxfSwsn0ycdesmc4p+Q21c5zPuZ1pl+NfxVdxPtdHvmNVOQ6XSYG4AUtyt/Fi7D16Q=="
  "resolved" "https://registry.npmjs.org/wrap-ansi/-/wrap-ansi-7.0.0.tgz"
  "version" "7.0.0"
  dependencies:
    "ansi-styles" "^4.0.0"
    "string-width" "^4.1.0"
    "strip-ansi" "^6.0.0"

"wrappy@1":
  "integrity" "sha1-tSQ9jz7BqjXxNkYFvA0QNuMKtp8="
  "resolved" "https://registry.npmjs.org/wrappy/-/wrappy-1.0.2.tgz"
  "version" "1.0.2"

"xtend@~4.0.1":
  "integrity" "sha512-LKYU1iAXJXUgAXn9URjiu+MWhyUXHsvfp7mcuYm9dSUKK0/CjtrUwFAxD82/mCWbtLsGjFIad0wIsod4zrTAEQ=="
  "resolved" "https://registry.npmjs.org/xtend/-/xtend-4.0.2.tgz"
  "version" "4.0.2"

"y18n@^5.0.5":
  "integrity" "sha512-0pfFzegeDWJHJIAmTLRP2DwHjdF5s7jo9tuztdQxAhINCdvS+3nGINqPd00AphqJR/0LhANUS6/+7SCb98YOfA=="
  "resolved" "https://registry.npmjs.org/y18n/-/y18n-5.0.8.tgz"
  "version" "5.0.8"

"yargs-parser@^20.2.2":
  "integrity" "sha512-y11nGElTIV+CT3Zv9t7VKl+Q3hTQoT9a1Qzezhhl6Rp21gJ/IVTW7Z3y9EWXhuUBC2Shnf+DX0antecpAwSP8w=="
  "resolved" "https://registry.npmjs.org/yargs-parser/-/yargs-parser-20.2.9.tgz"
  "version" "20.2.9"

"yargs@^17.2.1":
  "integrity" "sha512-XfR8du6ua4K6uLGm5S6fA+FIJom/MdJcFNVY8geLlp2v8GYbOXD4EB1tPNZsRn4vBzKGMgb5DRZMeWuFc2GO8Q=="
  "resolved" "https://registry.npmjs.org/yargs/-/yargs-17.2.1.tgz"
  "version" "17.2.1"
  dependencies:
    "cliui" "^7.0.2"
    "escalade" "^3.1.1"
    "get-caller-file" "^2.0.5"
    "require-directory" "^2.1.1"
    "string-width" "^4.2.0"
    "y18n" "^5.0.5"
    "yargs-parser" "^20.2.2"

"yn@3.1.1":
  "integrity" "sha512-Ux4ygGWsu2c7isFWe8Yu1YluJmqVhxqK2cLXNQA5AcC3QfbGNpM7fu0Y8b/z16pXLnFxZYvWhd3fhBY9DLmC6Q=="
  "resolved" "https://registry.npmjs.org/yn/-/yn-3.1.1.tgz"
  "version" "3.1.1"

"yocto-queue@^0.1.0":
  "integrity" "sha512-rVksvsnNCdJ/ohGc6xgPwyN8eheCxsiLM8mxuE/t/mOVqJewPuO1miLpTHQiRgTKCLexL4MeAFVagts7HmNZ2Q=="
  "resolved" "https://registry.npmjs.org/yocto-queue/-/yocto-queue-0.1.0.tgz"
  "version" "0.1.0"
